// !$*UTF8*$!
{
	archiveVersion = 1;
	classes = {
	};
	objectVersion = 52;
	objects = {

/* Begin PBXBuildFile section */
		0A03D28727F0848900221502 /* Lottie in Frameworks */ = {isa = PBXBuildFile; productRef = 0A03D28627F0848900221502 /* Lottie */; };
		0A03D28927F085DA00221502 /* Date+String.swift in Sources */ = {isa = PBXBuildFile; fileRef = 0A03D28827F085DA00221502 /* Date+String.swift */; };
		D2090673258D7735004DD777 /* ShortKitDetailsView.swift in Sources */ = {isa = PBXBuildFile; fileRef = D2090672258D7735004DD777 /* ShortKitDetailsView.swift */; };
		D211696F25A0F8C9000F5E6A /* KitDetailsViewController.swift in Sources */ = {isa = PBXBuildFile; fileRef = D211696E25A0F8C9000F5E6A /* KitDetailsViewController.swift */; };
		D211697225A0F8E8000F5E6A /* KitDetailsView.swift in Sources */ = {isa = PBXBuildFile; fileRef = D211697125A0F8E8000F5E6A /* KitDetailsView.swift */; };
		D211697625A0F8F1000F5E6A /* KitDetailsViewModel.swift in Sources */ = {isa = PBXBuildFile; fileRef = D211697525A0F8F1000F5E6A /* KitDetailsViewModel.swift */; };
		D21AEF46251D218300366344 /* SmartKit.swift in Sources */ = {isa = PBXBuildFile; fileRef = D21AEF45251D218300366344 /* SmartKit.swift */; };
		D24164CF2521108C006C562D /* LocationManager.swift in Sources */ = {isa = PBXBuildFile; fileRef = D24164CE2521108C006C562D /* LocationManager.swift */; };
		D24164F425214215006C562D /* KitAnnotationView.swift in Sources */ = {isa = PBXBuildFile; fileRef = D24164F325214215006C562D /* KitAnnotationView.swift */; };
		D24476D525B49854002D40BC /* SensorDetailsCellView.swift in Sources */ = {isa = PBXBuildFile; fileRef = D24476D425B49854002D40BC /* SensorDetailsCellView.swift */; };
		D24476D925B4CC5A002D40BC /* Factories+KitDetails.swift in Sources */ = {isa = PBXBuildFile; fileRef = D24476D825B4CC5A002D40BC /* Factories+KitDetails.swift */; };
		D24476DD25B4CF3D002D40BC /* PaddingLabel.swift in Sources */ = {isa = PBXBuildFile; fileRef = D24476DC25B4CF3D002D40BC /* PaddingLabel.swift */; };
		D244B54D25A100ED00017A82 /* KitDetailsAPIService.swift in Sources */ = {isa = PBXBuildFile; fileRef = D244B54C25A100ED00017A82 /* KitDetailsAPIService.swift */; };
		D244B55125A1017F00017A82 /* GetKitDetailsRequest.swift in Sources */ = {isa = PBXBuildFile; fileRef = D244B55025A1017F00017A82 /* GetKitDetailsRequest.swift */; };
		D244B55A25A1307100017A82 /* KitLocation.swift in Sources */ = {isa = PBXBuildFile; fileRef = D244B55925A1307100017A82 /* KitLocation.swift */; };
		D244B55D25A131D100017A82 /* KitSensor.swift in Sources */ = {isa = PBXBuildFile; fileRef = D244B55C25A131D100017A82 /* KitSensor.swift */; };
		D24CBBC625A0D72F0090B642 /* OnlineKitsAPIService.swift in Sources */ = {isa = PBXBuildFile; fileRef = D24CBBC525A0D72F0090B642 /* OnlineKitsAPIService.swift */; };
		D25CECD425840AC800BCB98E /* CodeView.swift in Sources */ = {isa = PBXBuildFile; fileRef = D25CECD325840AC800BCB98E /* CodeView.swift */; };
		D25CECDC25840ADC00BCB98E /* CodeViewController.swift in Sources */ = {isa = PBXBuildFile; fileRef = D25CECDB25840ADC00BCB98E /* CodeViewController.swift */; };
		D25CECEF258410A200BCB98E /* ApplicationFactory.swift in Sources */ = {isa = PBXBuildFile; fileRef = D25CECEE258410A200BCB98E /* ApplicationFactory.swift */; };
		D25CECFA258412B400BCB98E /* KitsMapViewModel.swift in Sources */ = {isa = PBXBuildFile; fileRef = D25CECF9258412B400BCB98E /* KitsMapViewModel.swift */; };
		D270794C251BD4FC009D21A9 /* AppDelegate.swift in Sources */ = {isa = PBXBuildFile; fileRef = D270794B251BD4FC009D21A9 /* AppDelegate.swift */; };
		D2707950251BD4FC009D21A9 /* KitsMapViewController.swift in Sources */ = {isa = PBXBuildFile; fileRef = D270794F251BD4FC009D21A9 /* KitsMapViewController.swift */; };
		D2707955251BD4FF009D21A9 /* Assets.xcassets in Resources */ = {isa = PBXBuildFile; fileRef = D2707954251BD4FF009D21A9 /* Assets.xcassets */; };
		D2707958251BD4FF009D21A9 /* LaunchScreen.storyboard in Resources */ = {isa = PBXBuildFile; fileRef = D2707956251BD4FF009D21A9 /* LaunchScreen.storyboard */; };
		D270798E251BD9B0009D21A9 /* KitsMapView.swift in Sources */ = {isa = PBXBuildFile; fileRef = D270798D251BD9B0009D21A9 /* KitsMapView.swift */; };
		D27E1F072584237B00E54F69 /* APIRequest.swift in Sources */ = {isa = PBXBuildFile; fileRef = D27E1F062584237B00E54F69 /* APIRequest.swift */; };
		D27E1F0C258438A400E54F69 /* GetAllDevicesRquest.swift in Sources */ = {isa = PBXBuildFile; fileRef = D27E1F0B258438A400E54F69 /* GetAllDevicesRquest.swift */; };
		D2A8A3D1251D3D00002A84BD /* KitData.swift in Sources */ = {isa = PBXBuildFile; fileRef = D2A8A3D0251D3D00002A84BD /* KitData.swift */; };
		D2A8A3D6251D3D88002A84BD /* APIClient.swift in Sources */ = {isa = PBXBuildFile; fileRef = D2A8A3D5251D3D88002A84BD /* APIClient.swift */; };
		D2B172382523C33000A8AECD /* MapPin.swift in Sources */ = {isa = PBXBuildFile; fileRef = D2B172372523C33000A8AECD /* MapPin.swift */; };
		D2BD9E47259E4ECD0027B96D /* ViewSetupable.swift in Sources */ = {isa = PBXBuildFile; fileRef = D2BD9E46259E4ECD0027B96D /* ViewSetupable.swift */; };
		D2BD9E4F259E59120027B96D /* UIView+Layout.swift in Sources */ = {isa = PBXBuildFile; fileRef = D2BD9E4E259E59120027B96D /* UIView+Layout.swift */; };
		D2BD9E58259E6E380027B96D /* enviroment.json in Resources */ = {isa = PBXBuildFile; fileRef = D2BD9E57259E6E380027B96D /* enviroment.json */; };
		D2BDC3A625253EDA004732BD /* KitClusterAnnotationView.swift in Sources */ = {isa = PBXBuildFile; fileRef = D2BDC3A525253EDA004732BD /* KitClusterAnnotationView.swift */; };
		D2D0030C25A0BF0B0045F13C /* HudLoader.swift in Sources */ = {isa = PBXBuildFile; fileRef = D2D0030B25A0BF0B0045F13C /* HudLoader.swift */; };
		D2EFE02A251FE9C9006BF6CA /* APIClientError.swift in Sources */ = {isa = PBXBuildFile; fileRef = D2EFE029251FE9C9006BF6CA /* APIClientError.swift */; };
		D2EFE03E25200F79006BF6CA /* APIResponse.swift in Sources */ = {isa = PBXBuildFile; fileRef = D2EFE03D25200F79006BF6CA /* APIResponse.swift */; };
/* End PBXBuildFile section */

/* Begin PBXFileReference section */
		0A03D28827F085DA00221502 /* Date+String.swift */ = {isa = PBXFileReference; lastKnownFileType = sourcecode.swift; path = "Date+String.swift"; sourceTree = "<group>"; };
		D2090672258D7735004DD777 /* ShortKitDetailsView.swift */ = {isa = PBXFileReference; lastKnownFileType = sourcecode.swift; path = ShortKitDetailsView.swift; sourceTree = "<group>"; };
		D211696E25A0F8C9000F5E6A /* KitDetailsViewController.swift */ = {isa = PBXFileReference; lastKnownFileType = sourcecode.swift; path = KitDetailsViewController.swift; sourceTree = "<group>"; };
		D211697125A0F8E8000F5E6A /* KitDetailsView.swift */ = {isa = PBXFileReference; lastKnownFileType = sourcecode.swift; path = KitDetailsView.swift; sourceTree = "<group>"; };
		D211697525A0F8F1000F5E6A /* KitDetailsViewModel.swift */ = {isa = PBXFileReference; lastKnownFileType = sourcecode.swift; path = KitDetailsViewModel.swift; sourceTree = "<group>"; };
		D21AEF45251D218300366344 /* SmartKit.swift */ = {isa = PBXFileReference; lastKnownFileType = sourcecode.swift; path = SmartKit.swift; sourceTree = "<group>"; };
		D24164CE2521108C006C562D /* LocationManager.swift */ = {isa = PBXFileReference; fileEncoding = 4; lastKnownFileType = sourcecode.swift; path = LocationManager.swift; sourceTree = "<group>"; };
		D24164F325214215006C562D /* KitAnnotationView.swift */ = {isa = PBXFileReference; lastKnownFileType = sourcecode.swift; path = KitAnnotationView.swift; sourceTree = "<group>"; };
		D24476D425B49854002D40BC /* SensorDetailsCellView.swift */ = {isa = PBXFileReference; lastKnownFileType = sourcecode.swift; path = SensorDetailsCellView.swift; sourceTree = "<group>"; };
		D24476D825B4CC5A002D40BC /* Factories+KitDetails.swift */ = {isa = PBXFileReference; lastKnownFileType = sourcecode.swift; path = "Factories+KitDetails.swift"; sourceTree = "<group>"; };
		D24476DC25B4CF3D002D40BC /* PaddingLabel.swift */ = {isa = PBXFileReference; lastKnownFileType = sourcecode.swift; path = PaddingLabel.swift; sourceTree = "<group>"; };
		D244B54C25A100ED00017A82 /* KitDetailsAPIService.swift */ = {isa = PBXFileReference; lastKnownFileType = sourcecode.swift; path = KitDetailsAPIService.swift; sourceTree = "<group>"; };
		D244B55025A1017F00017A82 /* GetKitDetailsRequest.swift */ = {isa = PBXFileReference; lastKnownFileType = sourcecode.swift; path = GetKitDetailsRequest.swift; sourceTree = "<group>"; };
		D244B55925A1307100017A82 /* KitLocation.swift */ = {isa = PBXFileReference; lastKnownFileType = sourcecode.swift; path = KitLocation.swift; sourceTree = "<group>"; };
		D244B55C25A131D100017A82 /* KitSensor.swift */ = {isa = PBXFileReference; lastKnownFileType = sourcecode.swift; path = KitSensor.swift; sourceTree = "<group>"; };
		D24CBBC525A0D72F0090B642 /* OnlineKitsAPIService.swift */ = {isa = PBXFileReference; lastKnownFileType = sourcecode.swift; path = OnlineKitsAPIService.swift; sourceTree = "<group>"; };
		D25CECD325840AC800BCB98E /* CodeView.swift */ = {isa = PBXFileReference; lastKnownFileType = sourcecode.swift; path = CodeView.swift; sourceTree = "<group>"; };
		D25CECDB25840ADC00BCB98E /* CodeViewController.swift */ = {isa = PBXFileReference; lastKnownFileType = sourcecode.swift; path = CodeViewController.swift; sourceTree = "<group>"; };
		D25CECEE258410A200BCB98E /* ApplicationFactory.swift */ = {isa = PBXFileReference; lastKnownFileType = sourcecode.swift; path = ApplicationFactory.swift; sourceTree = "<group>"; };
		D25CECF9258412B400BCB98E /* KitsMapViewModel.swift */ = {isa = PBXFileReference; lastKnownFileType = sourcecode.swift; path = KitsMapViewModel.swift; sourceTree = "<group>"; };
		D2707948251BD4FC009D21A9 /* TheSmartCitizenApp.app */ = {isa = PBXFileReference; explicitFileType = wrapper.application; includeInIndex = 0; path = TheSmartCitizenApp.app; sourceTree = BUILT_PRODUCTS_DIR; };
		D270794B251BD4FC009D21A9 /* AppDelegate.swift */ = {isa = PBXFileReference; lastKnownFileType = sourcecode.swift; path = AppDelegate.swift; sourceTree = "<group>"; };
		D270794F251BD4FC009D21A9 /* KitsMapViewController.swift */ = {isa = PBXFileReference; lastKnownFileType = sourcecode.swift; path = KitsMapViewController.swift; sourceTree = "<group>"; };
		D2707954251BD4FF009D21A9 /* Assets.xcassets */ = {isa = PBXFileReference; lastKnownFileType = folder.assetcatalog; path = Assets.xcassets; sourceTree = "<group>"; };
		D2707957251BD4FF009D21A9 /* Base */ = {isa = PBXFileReference; lastKnownFileType = file.storyboard; name = Base; path = Base.lproj/LaunchScreen.storyboard; sourceTree = "<group>"; };
		D2707959251BD4FF009D21A9 /* Info.plist */ = {isa = PBXFileReference; lastKnownFileType = text.plist.xml; path = Info.plist; sourceTree = "<group>"; };
		D2707962251BD4FF009D21A9 /* SmartCitizen_AppTests.swift */ = {isa = PBXFileReference; lastKnownFileType = sourcecode.swift; path = SmartCitizen_AppTests.swift; sourceTree = "<group>"; };
		D2707964251BD4FF009D21A9 /* Info.plist */ = {isa = PBXFileReference; lastKnownFileType = text.plist.xml; path = Info.plist; sourceTree = "<group>"; };
		D270798D251BD9B0009D21A9 /* KitsMapView.swift */ = {isa = PBXFileReference; lastKnownFileType = sourcecode.swift; path = KitsMapView.swift; sourceTree = "<group>"; };
		D27E1F062584237B00E54F69 /* APIRequest.swift */ = {isa = PBXFileReference; lastKnownFileType = sourcecode.swift; path = APIRequest.swift; sourceTree = "<group>"; };
		D27E1F0B258438A400E54F69 /* GetAllDevicesRquest.swift */ = {isa = PBXFileReference; lastKnownFileType = sourcecode.swift; path = GetAllDevicesRquest.swift; sourceTree = "<group>"; };
		D2A8A3D0251D3D00002A84BD /* KitData.swift */ = {isa = PBXFileReference; lastKnownFileType = sourcecode.swift; path = KitData.swift; sourceTree = "<group>"; };
		D2A8A3D5251D3D88002A84BD /* APIClient.swift */ = {isa = PBXFileReference; lastKnownFileType = sourcecode.swift; path = APIClient.swift; sourceTree = "<group>"; };
		D2B172372523C33000A8AECD /* MapPin.swift */ = {isa = PBXFileReference; lastKnownFileType = sourcecode.swift; path = MapPin.swift; sourceTree = "<group>"; };
		D2BD9E46259E4ECD0027B96D /* ViewSetupable.swift */ = {isa = PBXFileReference; lastKnownFileType = sourcecode.swift; path = ViewSetupable.swift; sourceTree = "<group>"; };
		D2BD9E4E259E59120027B96D /* UIView+Layout.swift */ = {isa = PBXFileReference; lastKnownFileType = sourcecode.swift; path = "UIView+Layout.swift"; sourceTree = "<group>"; };
		D2BD9E57259E6E380027B96D /* enviroment.json */ = {isa = PBXFileReference; fileEncoding = 4; lastKnownFileType = text.json; path = enviroment.json; sourceTree = "<group>"; };
		D2BDC3A525253EDA004732BD /* KitClusterAnnotationView.swift */ = {isa = PBXFileReference; lastKnownFileType = sourcecode.swift; path = KitClusterAnnotationView.swift; sourceTree = "<group>"; };
		D2D0030B25A0BF0B0045F13C /* HudLoader.swift */ = {isa = PBXFileReference; lastKnownFileType = sourcecode.swift; path = HudLoader.swift; sourceTree = "<group>"; };
		D2EFE029251FE9C9006BF6CA /* APIClientError.swift */ = {isa = PBXFileReference; lastKnownFileType = sourcecode.swift; path = APIClientError.swift; sourceTree = "<group>"; };
		D2EFE03D25200F79006BF6CA /* APIResponse.swift */ = {isa = PBXFileReference; lastKnownFileType = sourcecode.swift; path = APIResponse.swift; sourceTree = "<group>"; };
/* End PBXFileReference section */

/* Begin PBXFrameworksBuildPhase section */
		D2707945251BD4FB009D21A9 /* Frameworks */ = {
			isa = PBXFrameworksBuildPhase;
			buildActionMask = 2147483647;
			files = (
				0A03D28727F0848900221502 /* Lottie in Frameworks */,
			);
			runOnlyForDeploymentPostprocessing = 0;
		};
/* End PBXFrameworksBuildPhase section */

/* Begin PBXGroup section */
		D21AEF3D251D215300366344 /* Models */ = {
			isa = PBXGroup;
			children = (
				D21AEF45251D218300366344 /* SmartKit.swift */,
				D2A8A3D0251D3D00002A84BD /* KitData.swift */,
				D2B172372523C33000A8AECD /* MapPin.swift */,
				D244B55925A1307100017A82 /* KitLocation.swift */,
				D244B55C25A131D100017A82 /* KitSensor.swift */,
			);
			path = Models;
			sourceTree = "<group>";
		};
		D24CBBD225A0EAA90090B642 /* Requests */ = {
			isa = PBXGroup;
			children = (
				D27E1F0B258438A400E54F69 /* GetAllDevicesRquest.swift */,
				D244B55025A1017F00017A82 /* GetKitDetailsRequest.swift */,
			);
			path = Requests;
			sourceTree = "<group>";
		};
		D24CBBD325A0EAB30090B642 /* APIServices */ = {
			isa = PBXGroup;
			children = (
				D24CBBC525A0D72F0090B642 /* OnlineKitsAPIService.swift */,
				D244B54C25A100ED00017A82 /* KitDetailsAPIService.swift */,
			);
			path = APIServices;
			sourceTree = "<group>";
		};
		D25CECCA25840A4400BCB98E /* Base classes */ = {
			isa = PBXGroup;
			children = (
				D25CECD325840AC800BCB98E /* CodeView.swift */,
				D25CECDB25840ADC00BCB98E /* CodeViewController.swift */,
			);
			path = "Base classes";
			sourceTree = "<group>";
		};
		D25CECD225840AA600BCB98E /* Resources */ = {
			isa = PBXGroup;
			children = (
				D2BD9E56259E6C9F0027B96D /* Animations */,
				D2707954251BD4FF009D21A9 /* Assets.xcassets */,
				D2707959251BD4FF009D21A9 /* Info.plist */,
			);
			path = Resources;
			sourceTree = "<group>";
		};
		D25CECEC2584102A00BCB98E /* Interfaces */ = {
			isa = PBXGroup;
			children = (
				D2707956251BD4FF009D21A9 /* LaunchScreen.storyboard */,
			);
			path = Interfaces;
			sourceTree = "<group>";
		};
		D25CECED2584108A00BCB98E /* Application */ = {
			isa = PBXGroup;
			children = (
				D270794B251BD4FC009D21A9 /* AppDelegate.swift */,
				D25CECEE258410A200BCB98E /* ApplicationFactory.swift */,
				D24476D825B4CC5A002D40BC /* Factories+KitDetails.swift */,
			);
			path = Application;
			sourceTree = "<group>";
		};
		D25CED042584195E00BCB98E /* Shared */ = {
			isa = PBXGroup;
			children = (
				D2D0031625A0CEE00045F13C /* SharedUI */,
				D2BD9E45259E4E9F0027B96D /* Protocols */,
				D25CED07258419DA00BCB98E /* Helper extensions */,
				D25CED062584197400BCB98E /* Managers */,
				D25CED052584196E00BCB98E /* API */,
				D25CECCA25840A4400BCB98E /* Base classes */,
			);
			path = Shared;
			sourceTree = "<group>";
		};
		D25CED052584196E00BCB98E /* API */ = {
			isa = PBXGroup;
			children = (
				D24CBBD325A0EAB30090B642 /* APIServices */,
				D24CBBD225A0EAA90090B642 /* Requests */,
				D2A8A3D5251D3D88002A84BD /* APIClient.swift */,
				D2EFE029251FE9C9006BF6CA /* APIClientError.swift */,
				D2EFE03D25200F79006BF6CA /* APIResponse.swift */,
				D27E1F062584237B00E54F69 /* APIRequest.swift */,
			);
			path = API;
			sourceTree = "<group>";
		};
		D25CED062584197400BCB98E /* Managers */ = {
			isa = PBXGroup;
			children = (
				D24164CE2521108C006C562D /* LocationManager.swift */,
			);
			path = Managers;
			sourceTree = "<group>";
		};
		D25CED07258419DA00BCB98E /* Helper extensions */ = {
			isa = PBXGroup;
			children = (
				D2BD9E4E259E59120027B96D /* UIView+Layout.swift */,
				0A03D28827F085DA00221502 /* Date+String.swift */,
			);
			path = "Helper extensions";
			sourceTree = "<group>";
		};
		D270793F251BD4FB009D21A9 = {
			isa = PBXGroup;
			children = (
				D270794A251BD4FC009D21A9 /* SmartCitizen App */,
				D2707961251BD4FF009D21A9 /* SmartCitizen AppTests */,
				D2707949251BD4FC009D21A9 /* Products */,
			);
			sourceTree = "<group>";
		};
		D2707949251BD4FC009D21A9 /* Products */ = {
			isa = PBXGroup;
			children = (
				D2707948251BD4FC009D21A9 /* TheSmartCitizenApp.app */,
			);
			name = Products;
			sourceTree = "<group>";
		};
		D270794A251BD4FC009D21A9 /* SmartCitizen App */ = {
			isa = PBXGroup;
			children = (
				D25CECED2584108A00BCB98E /* Application */,
				D21AEF3D251D215300366344 /* Models */,
				D2BDC38F25252531004732BD /* Screens */,
				D25CED042584195E00BCB98E /* Shared */,
				D25CECEC2584102A00BCB98E /* Interfaces */,
				D25CECD225840AA600BCB98E /* Resources */,
			);
			path = "SmartCitizen App";
			sourceTree = "<group>";
		};
		D2707961251BD4FF009D21A9 /* SmartCitizen AppTests */ = {
			isa = PBXGroup;
			children = (
				D2707962251BD4FF009D21A9 /* SmartCitizen_AppTests.swift */,
				D2707964251BD4FF009D21A9 /* Info.plist */,
			);
			path = "SmartCitizen AppTests";
			sourceTree = "<group>";
		};
		D2BD9E45259E4E9F0027B96D /* Protocols */ = {
			isa = PBXGroup;
			children = (
				D2BD9E46259E4ECD0027B96D /* ViewSetupable.swift */,
			);
			path = Protocols;
			sourceTree = "<group>";
		};
		D2BD9E56259E6C9F0027B96D /* Animations */ = {
			isa = PBXGroup;
			children = (
				D2BD9E57259E6E380027B96D /* enviroment.json */,
			);
			path = Animations;
			sourceTree = "<group>";
		};
		D2BDC38F25252531004732BD /* Screens */ = {
			isa = PBXGroup;
			children = (
				D2BDC39025252540004732BD /* KitsMapScreen */,
				D2BDC394252525F5004732BD /* KitDetailsScreen */,
			);
			path = Screens;
			sourceTree = "<group>";
		};
		D2BDC39025252540004732BD /* KitsMapScreen */ = {
			isa = PBXGroup;
			children = (
				D2D0030F25A0CE060045F13C /* Additional Views */,
				D270798D251BD9B0009D21A9 /* KitsMapView.swift */,
				D270794F251BD4FC009D21A9 /* KitsMapViewController.swift */,
				D25CECF9258412B400BCB98E /* KitsMapViewModel.swift */,
			);
			path = KitsMapScreen;
			sourceTree = "<group>";
		};
		D2BDC394252525F5004732BD /* KitDetailsScreen */ = {
			isa = PBXGroup;
			children = (
				D211696E25A0F8C9000F5E6A /* KitDetailsViewController.swift */,
				D211697125A0F8E8000F5E6A /* KitDetailsView.swift */,
				D24476D425B49854002D40BC /* SensorDetailsCellView.swift */,
				D211697525A0F8F1000F5E6A /* KitDetailsViewModel.swift */,
			);
			path = KitDetailsScreen;
			sourceTree = "<group>";
		};
		D2D0030F25A0CE060045F13C /* Additional Views */ = {
			isa = PBXGroup;
			children = (
				D2090672258D7735004DD777 /* ShortKitDetailsView.swift */,
				D24164F325214215006C562D /* KitAnnotationView.swift */,
				D2BDC3A525253EDA004732BD /* KitClusterAnnotationView.swift */,
			);
			path = "Additional Views";
			sourceTree = "<group>";
		};
		D2D0031625A0CEE00045F13C /* SharedUI */ = {
			isa = PBXGroup;
			children = (
				D2D0030B25A0BF0B0045F13C /* HudLoader.swift */,
				D24476DC25B4CF3D002D40BC /* PaddingLabel.swift */,
			);
			path = SharedUI;
			sourceTree = "<group>";
		};
/* End PBXGroup section */

/* Begin PBXNativeTarget section */
		D2707947251BD4FB009D21A9 /* TheSmartCitizenApp */ = {
			isa = PBXNativeTarget;
			buildConfigurationList = D2707972251BD4FF009D21A9 /* Build configuration list for PBXNativeTarget "TheSmartCitizenApp" */;
			buildPhases = (
				D2707944251BD4FB009D21A9 /* Sources */,
				D2707945251BD4FB009D21A9 /* Frameworks */,
				D2707946251BD4FB009D21A9 /* Resources */,
			);
			buildRules = (
			);
			dependencies = (
			);
			name = TheSmartCitizenApp;
			packageProductDependencies = (
				0A03D28627F0848900221502 /* Lottie */,
			);
			productName = "SmartCitizen App";
			productReference = D2707948251BD4FC009D21A9 /* TheSmartCitizenApp.app */;
			productType = "com.apple.product-type.application";
		};
/* End PBXNativeTarget section */

/* Begin PBXProject section */
		D2707940251BD4FB009D21A9 /* Project object */ = {
			isa = PBXProject;
			attributes = {
				LastSwiftUpdateCheck = 1200;
				LastUpgradeCheck = 1200;
				TargetAttributes = {
					D2707947251BD4FB009D21A9 = {
						CreatedOnToolsVersion = 12.0;
					};
				};
			};
			buildConfigurationList = D2707943251BD4FB009D21A9 /* Build configuration list for PBXProject "TheSmartCitizenApp" */;
			compatibilityVersion = "Xcode 9.3";
			developmentRegion = en;
			hasScannedForEncodings = 0;
			knownRegions = (
				en,
				Base,
			);
			mainGroup = D270793F251BD4FB009D21A9;
			packageReferences = (
				0A03D28527F0848900221502 /* XCRemoteSwiftPackageReference "lottie-ios" */,
			);
			productRefGroup = D2707949251BD4FC009D21A9 /* Products */;
			projectDirPath = "";
			projectRoot = "";
			targets = (
				D2707947251BD4FB009D21A9 /* TheSmartCitizenApp */,
			);
		};
/* End PBXProject section */

/* Begin PBXResourcesBuildPhase section */
		D2707946251BD4FB009D21A9 /* Resources */ = {
			isa = PBXResourcesBuildPhase;
			buildActionMask = 2147483647;
			files = (
				D2707958251BD4FF009D21A9 /* LaunchScreen.storyboard in Resources */,
				D2707955251BD4FF009D21A9 /* Assets.xcassets in Resources */,
				D2BD9E58259E6E380027B96D /* enviroment.json in Resources */,
			);
			runOnlyForDeploymentPostprocessing = 0;
		};
/* End PBXResourcesBuildPhase section */

/* Begin PBXSourcesBuildPhase section */
		D2707944251BD4FB009D21A9 /* Sources */ = {
			isa = PBXSourcesBuildPhase;
			buildActionMask = 2147483647;
			files = (
				D244B54D25A100ED00017A82 /* KitDetailsAPIService.swift in Sources */,
				D27E1F0C258438A400E54F69 /* GetAllDevicesRquest.swift in Sources */,
				D2D0030C25A0BF0B0045F13C /* HudLoader.swift in Sources */,
				D27E1F072584237B00E54F69 /* APIRequest.swift in Sources */,
				D2BDC3A625253EDA004732BD /* KitClusterAnnotationView.swift in Sources */,
				D25CECEF258410A200BCB98E /* ApplicationFactory.swift in Sources */,
				D2B172382523C33000A8AECD /* MapPin.swift in Sources */,
				D211696F25A0F8C9000F5E6A /* KitDetailsViewController.swift in Sources */,
				0A03D28927F085DA00221502 /* Date+String.swift in Sources */,
				D25CECFA258412B400BCB98E /* KitsMapViewModel.swift in Sources */,
				D244B55125A1017F00017A82 /* GetKitDetailsRequest.swift in Sources */,
				D2707950251BD4FC009D21A9 /* KitsMapViewController.swift in Sources */,
				D2A8A3D1251D3D00002A84BD /* KitData.swift in Sources */,
				D24164CF2521108C006C562D /* LocationManager.swift in Sources */,
				D270798E251BD9B0009D21A9 /* KitsMapView.swift in Sources */,
				D24164F425214215006C562D /* KitAnnotationView.swift in Sources */,
				D2090673258D7735004DD777 /* ShortKitDetailsView.swift in Sources */,
				D270794C251BD4FC009D21A9 /* AppDelegate.swift in Sources */,
				D21AEF46251D218300366344 /* SmartKit.swift in Sources */,
				D24CBBC625A0D72F0090B642 /* OnlineKitsAPIService.swift in Sources */,
				D25CECD425840AC800BCB98E /* CodeView.swift in Sources */,
				D2EFE02A251FE9C9006BF6CA /* APIClientError.swift in Sources */,
				D211697225A0F8E8000F5E6A /* KitDetailsView.swift in Sources */,
				D244B55A25A1307100017A82 /* KitLocation.swift in Sources */,
				D24476DD25B4CF3D002D40BC /* PaddingLabel.swift in Sources */,
				D2BD9E4F259E59120027B96D /* UIView+Layout.swift in Sources */,
				D244B55D25A131D100017A82 /* KitSensor.swift in Sources */,
				D2A8A3D6251D3D88002A84BD /* APIClient.swift in Sources */,
				D211697625A0F8F1000F5E6A /* KitDetailsViewModel.swift in Sources */,
				D24476D925B4CC5A002D40BC /* Factories+KitDetails.swift in Sources */,
				D25CECDC25840ADC00BCB98E /* CodeViewController.swift in Sources */,
				D2BD9E47259E4ECD0027B96D /* ViewSetupable.swift in Sources */,
				D24476D525B49854002D40BC /* SensorDetailsCellView.swift in Sources */,
				D2EFE03E25200F79006BF6CA /* APIResponse.swift in Sources */,
			);
			runOnlyForDeploymentPostprocessing = 0;
		};
/* End PBXSourcesBuildPhase section */

/* Begin PBXVariantGroup section */
		D2707956251BD4FF009D21A9 /* LaunchScreen.storyboard */ = {
			isa = PBXVariantGroup;
			children = (
				D2707957251BD4FF009D21A9 /* Base */,
			);
			name = LaunchScreen.storyboard;
			sourceTree = "<group>";
		};
/* End PBXVariantGroup section */

/* Begin XCBuildConfiguration section */
		D2707970251BD4FF009D21A9 /* Debug */ = {
			isa = XCBuildConfiguration;
			buildSettings = {
				ALWAYS_SEARCH_USER_PATHS = NO;
				CLANG_ANALYZER_NONNULL = YES;
				CLANG_ANALYZER_NUMBER_OBJECT_CONVERSION = YES_AGGRESSIVE;
				CLANG_CXX_LANGUAGE_STANDARD = "gnu++14";
				CLANG_CXX_LIBRARY = "libc++";
				CLANG_ENABLE_MODULES = YES;
				CLANG_ENABLE_OBJC_ARC = YES;
				CLANG_ENABLE_OBJC_WEAK = YES;
				CLANG_WARN_BLOCK_CAPTURE_AUTORELEASING = YES;
				CLANG_WARN_BOOL_CONVERSION = YES;
				CLANG_WARN_COMMA = YES;
				CLANG_WARN_CONSTANT_CONVERSION = YES;
				CLANG_WARN_DEPRECATED_OBJC_IMPLEMENTATIONS = YES;
				CLANG_WARN_DIRECT_OBJC_ISA_USAGE = YES_ERROR;
				CLANG_WARN_DOCUMENTATION_COMMENTS = YES;
				CLANG_WARN_EMPTY_BODY = YES;
				CLANG_WARN_ENUM_CONVERSION = YES;
				CLANG_WARN_INFINITE_RECURSION = YES;
				CLANG_WARN_INT_CONVERSION = YES;
				CLANG_WARN_NON_LITERAL_NULL_CONVERSION = YES;
				CLANG_WARN_OBJC_IMPLICIT_RETAIN_SELF = YES;
				CLANG_WARN_OBJC_LITERAL_CONVERSION = YES;
				CLANG_WARN_OBJC_ROOT_CLASS = YES_ERROR;
				CLANG_WARN_QUOTED_INCLUDE_IN_FRAMEWORK_HEADER = YES;
				CLANG_WARN_RANGE_LOOP_ANALYSIS = YES;
				CLANG_WARN_STRICT_PROTOTYPES = YES;
				CLANG_WARN_SUSPICIOUS_MOVE = YES;
				CLANG_WARN_UNGUARDED_AVAILABILITY = YES_AGGRESSIVE;
				CLANG_WARN_UNREACHABLE_CODE = YES;
				CLANG_WARN__DUPLICATE_METHOD_MATCH = YES;
				COPY_PHASE_STRIP = NO;
				DEBUG_INFORMATION_FORMAT = dwarf;
				ENABLE_STRICT_OBJC_MSGSEND = YES;
				ENABLE_TESTABILITY = YES;
				GCC_C_LANGUAGE_STANDARD = gnu11;
				GCC_DYNAMIC_NO_PIC = NO;
				GCC_NO_COMMON_BLOCKS = YES;
				GCC_OPTIMIZATION_LEVEL = 0;
				GCC_PREPROCESSOR_DEFINITIONS = (
					"DEBUG=1",
					"$(inherited)",
				);
				GCC_WARN_64_TO_32_BIT_CONVERSION = YES;
				GCC_WARN_ABOUT_RETURN_TYPE = YES_ERROR;
				GCC_WARN_UNDECLARED_SELECTOR = YES;
				GCC_WARN_UNINITIALIZED_AUTOS = YES_AGGRESSIVE;
				GCC_WARN_UNUSED_FUNCTION = YES;
				GCC_WARN_UNUSED_VARIABLE = YES;
				IPHONEOS_DEPLOYMENT_TARGET = 13.1;
				MTL_ENABLE_DEBUG_INFO = INCLUDE_SOURCE;
				MTL_FAST_MATH = YES;
				ONLY_ACTIVE_ARCH = YES;
				SDKROOT = iphoneos;
				SWIFT_ACTIVE_COMPILATION_CONDITIONS = DEBUG;
				SWIFT_OPTIMIZATION_LEVEL = "-Onone";
			};
			name = Debug;
		};
		D2707971251BD4FF009D21A9 /* Release */ = {
			isa = XCBuildConfiguration;
			buildSettings = {
				ALWAYS_SEARCH_USER_PATHS = NO;
				CLANG_ANALYZER_NONNULL = YES;
				CLANG_ANALYZER_NUMBER_OBJECT_CONVERSION = YES_AGGRESSIVE;
				CLANG_CXX_LANGUAGE_STANDARD = "gnu++14";
				CLANG_CXX_LIBRARY = "libc++";
				CLANG_ENABLE_MODULES = YES;
				CLANG_ENABLE_OBJC_ARC = YES;
				CLANG_ENABLE_OBJC_WEAK = YES;
				CLANG_WARN_BLOCK_CAPTURE_AUTORELEASING = YES;
				CLANG_WARN_BOOL_CONVERSION = YES;
				CLANG_WARN_COMMA = YES;
				CLANG_WARN_CONSTANT_CONVERSION = YES;
				CLANG_WARN_DEPRECATED_OBJC_IMPLEMENTATIONS = YES;
				CLANG_WARN_DIRECT_OBJC_ISA_USAGE = YES_ERROR;
				CLANG_WARN_DOCUMENTATION_COMMENTS = YES;
				CLANG_WARN_EMPTY_BODY = YES;
				CLANG_WARN_ENUM_CONVERSION = YES;
				CLANG_WARN_INFINITE_RECURSION = YES;
				CLANG_WARN_INT_CONVERSION = YES;
				CLANG_WARN_NON_LITERAL_NULL_CONVERSION = YES;
				CLANG_WARN_OBJC_IMPLICIT_RETAIN_SELF = YES;
				CLANG_WARN_OBJC_LITERAL_CONVERSION = YES;
				CLANG_WARN_OBJC_ROOT_CLASS = YES_ERROR;
				CLANG_WARN_QUOTED_INCLUDE_IN_FRAMEWORK_HEADER = YES;
				CLANG_WARN_RANGE_LOOP_ANALYSIS = YES;
				CLANG_WARN_STRICT_PROTOTYPES = YES;
				CLANG_WARN_SUSPICIOUS_MOVE = YES;
				CLANG_WARN_UNGUARDED_AVAILABILITY = YES_AGGRESSIVE;
				CLANG_WARN_UNREACHABLE_CODE = YES;
				CLANG_WARN__DUPLICATE_METHOD_MATCH = YES;
				COPY_PHASE_STRIP = NO;
				DEBUG_INFORMATION_FORMAT = "dwarf-with-dsym";
				ENABLE_NS_ASSERTIONS = NO;
				ENABLE_STRICT_OBJC_MSGSEND = YES;
				GCC_C_LANGUAGE_STANDARD = gnu11;
				GCC_NO_COMMON_BLOCKS = YES;
				GCC_WARN_64_TO_32_BIT_CONVERSION = YES;
				GCC_WARN_ABOUT_RETURN_TYPE = YES_ERROR;
				GCC_WARN_UNDECLARED_SELECTOR = YES;
				GCC_WARN_UNINITIALIZED_AUTOS = YES_AGGRESSIVE;
				GCC_WARN_UNUSED_FUNCTION = YES;
				GCC_WARN_UNUSED_VARIABLE = YES;
				IPHONEOS_DEPLOYMENT_TARGET = 13.1;
				MTL_ENABLE_DEBUG_INFO = NO;
				MTL_FAST_MATH = YES;
				SDKROOT = iphoneos;
				SWIFT_COMPILATION_MODE = wholemodule;
				SWIFT_OPTIMIZATION_LEVEL = "-O";
				VALIDATE_PRODUCT = YES;
			};
			name = Release;
		};
		D2707973251BD4FF009D21A9 /* Debug */ = {
			isa = XCBuildConfiguration;
			buildSettings = {
				ASSETCATALOG_COMPILER_APPICON_NAME = AppIcon;
				ASSETCATALOG_COMPILER_GLOBAL_ACCENT_COLOR_NAME = AccentColor;
				CODE_SIGN_STYLE = Automatic;
				DEVELOPMENT_TEAM = TZ6GT9JR86;
				INFOPLIST_FILE = "SmartCitizen App/Resources/Info.plist";
				LD_RUNPATH_SEARCH_PATHS = (
					"$(inherited)",
					"@executable_path/Frameworks",
				);
				PRODUCT_BUNDLE_IDENTIFIER = "com.mahmoudsa.SmartCitizen-App";
				PRODUCT_NAME = "$(TARGET_NAME)";
				SWIFT_VERSION = 5.0;
				TARGETED_DEVICE_FAMILY = 1;
			};
			name = Debug;
		};
		D2707974251BD4FF009D21A9 /* Release */ = {
			isa = XCBuildConfiguration;
			buildSettings = {
				ASSETCATALOG_COMPILER_APPICON_NAME = AppIcon;
				ASSETCATALOG_COMPILER_GLOBAL_ACCENT_COLOR_NAME = AccentColor;
				CODE_SIGN_STYLE = Automatic;
				DEVELOPMENT_TEAM = TZ6GT9JR86;
				INFOPLIST_FILE = "SmartCitizen App/Resources/Info.plist";
				LD_RUNPATH_SEARCH_PATHS = (
					"$(inherited)",
					"@executable_path/Frameworks",
				);
				PRODUCT_BUNDLE_IDENTIFIER = "com.mahmoudsa.SmartCitizen-App";
				PRODUCT_NAME = "$(TARGET_NAME)";
				SWIFT_VERSION = 5.0;
				TARGETED_DEVICE_FAMILY = 1;
			};
			name = Release;
		};
/* End XCBuildConfiguration section */

/* Begin XCConfigurationList section */
		D2707943251BD4FB009D21A9 /* Build configuration list for PBXProject "TheSmartCitizenApp" */ = {
			isa = XCConfigurationList;
			buildConfigurations = (
				D2707970251BD4FF009D21A9 /* Debug */,
				D2707971251BD4FF009D21A9 /* Release */,
			);
			defaultConfigurationIsVisible = 0;
			defaultConfigurationName = Release;
		};
		D2707972251BD4FF009D21A9 /* Build configuration list for PBXNativeTarget "TheSmartCitizenApp" */ = {
			isa = XCConfigurationList;
			buildConfigurations = (
				D2707973251BD4FF009D21A9 /* Debug */,
				D2707974251BD4FF009D21A9 /* Release */,
			);
			defaultConfigurationIsVisible = 0;
			defaultConfigurationName = Release;
		};
/* End XCConfigurationList section */

/* Begin XCRemoteSwiftPackageReference section */
		0A03D28527F0848900221502 /* XCRemoteSwiftPackageReference "lottie-ios" */ = {
			isa = XCRemoteSwiftPackageReference;
			repositoryURL = "https://github.com/airbnb/lottie-ios.git";
			requirement = {
				kind = upToNextMajorVersion;
				minimumVersion = 3.2.1;
			};
		};
/* End XCRemoteSwiftPackageReference section */

/* Begin XCSwiftPackageProductDependency section */
		0A03D28627F0848900221502 /* Lottie */ = {
			isa = XCSwiftPackageProductDependency;
			package = 0A03D28527F0848900221502 /* XCRemoteSwiftPackageReference "lottie-ios" */;
			productName = Lottie;
		};
/* End XCSwiftPackageProductDependency section */
	};
	rootObject = D2707940251BD4FB009D21A9 /* Project object */;
}
